
Microsoft Visual Studio Solution File, Format Version 12.00
# Visual Studio 15
VisualStudioVersion = 15.0.26730.16
MinimumVisualStudioVersion = 10.0.40219.1
Project("{FAE04EC0-301F-11D3-BF4B-00C04F79EFBC}") = "ThingFilter.Tests", "ThingFilter.Tests\ThingFilter.Tests.csproj", "{B5D3A749-BC4A-4EE9-9064-4A1D4E149DE4}"
EndProject
Project("{FAE04EC0-301F-11D3-BF4B-00C04F79EFBC}") = "ThingFilter", "ThingFilter\ThingFilter.csproj", "{2CC74EBE-38DD-42B9-9FF0-8EC45CE15F6F}"
EndProject
Global
	GlobalSection(SolutionConfigurationPlatforms) = preSolution
		Debug|Any CPU = Debug|Any CPU
		Release|Any CPU = Release|Any CPU
	EndGlobalSection
	GlobalSection(ProjectConfigurationPlatforms) = postSolution
		{B5D3A749-BC4A-4EE9-9064-4A1D4E149DE4}.Debug|Any CPU.ActiveCfg = Debug|Any CPU
		{B5D3A749-BC4A-4EE9-9064-4A1D4E149DE4}.Debug|Any CPU.Build.0 = Debug|Any CPU
		{B5D3A749-BC4A-4EE9-9064-4A1D4E149DE4}.Release|Any CPU.ActiveCfg = Release|Any CPU
		{B5D3A749-BC4A-4EE9-9064-4A1D4E149DE4}.Release|Any CPU.Build.0 = Release|Any CPU
		{2CC74EBE-38DD-42B9-9FF0-8EC45CE15F6F}.Debug|Any CPU.ActiveCfg = Debug|Any CPU
		{2CC74EBE-38DD-42B9-9FF0-8EC45CE15F6F}.Debug|Any CPU.Build.0 = Debug|Any CPU
		{2CC74EBE-38DD-42B9-9FF0-8EC45CE15F6F}.Release|Any CPU.ActiveCfg = Release|Any CPU
		{2CC74EBE-38DD-42B9-9FF0-8EC45CE15F6F}.Release|Any CPU.Build.0 = Release|Any CPU
	EndGlobalSection
	GlobalSection(SolutionProperties) = preSolution
		HideSolutionNode = FALSE
	EndGlobalSection
	GlobalSection(ExtensibilityGlobals) = postSolution
		SolutionGuid = {2664D1CD-4FAF-466E-86DD-784668AAAD04}
	EndGlobalSection
EndGlobal
